// !$*UTF8*$!
{
	archiveVersion = 1;
	classes = {
	};
	objectVersion = 56;
	objects = {

/* Begin PBXBuildFile section */
		BA3F37EF29B5C989009BF7FE /* RoomStruct.swift in Sources */ = {isa = PBXBuildFile; fileRef = BA3F37EE29B5C989009BF7FE /* RoomStruct.swift */; };
		BA3F37F329B5D120009BF7FE /* RoomView.swift in Sources */ = {isa = PBXBuildFile; fileRef = BA3F37F229B5D120009BF7FE /* RoomView.swift */; };
		BA3F37F529B5D197009BF7FE /* ListView.swift in Sources */ = {isa = PBXBuildFile; fileRef = BA3F37F429B5D197009BF7FE /* ListView.swift */; };
		BAF470A429B21C0C00F242EF /* OrderMateApp.swift in Sources */ = {isa = PBXBuildFile; fileRef = BAF470A329B21C0C00F242EF /* OrderMateApp.swift */; };
		BAF470A629B21C0C00F242EF /* ContentView.swift in Sources */ = {isa = PBXBuildFile; fileRef = BAF470A529B21C0C00F242EF /* ContentView.swift */; };
		BAF470A829B21C0D00F242EF /* Assets.xcassets in Resources */ = {isa = PBXBuildFile; fileRef = BAF470A729B21C0D00F242EF /* Assets.xcassets */; };
		BAF470AB29B21C0D00F242EF /* Preview Assets.xcassets in Resources */ = {isa = PBXBuildFile; fileRef = BAF470AA29B21C0D00F242EF /* Preview Assets.xcassets */; };
		E40FB24029B625E400A1A4C2 /* MainView.swift in Sources */ = {isa = PBXBuildFile; fileRef = E40FB23F29B625E400A1A4C2 /* MainView.swift */; };
		E40FB24229B625F200A1A4C2 /* StartPageView.swift in Sources */ = {isa = PBXBuildFile; fileRef = E40FB24129B625F200A1A4C2 /* StartPageView.swift */; };
		E40FB24429B6260200A1A4C2 /* LoginView.swift in Sources */ = {isa = PBXBuildFile; fileRef = E40FB24329B6260200A1A4C2 /* LoginView.swift */; };
		E40FB24629B6296100A1A4C2 /* Setting.swift in Sources */ = {isa = PBXBuildFile; fileRef = E40FB24529B6296100A1A4C2 /* Setting.swift */; };
		ED40967029BCAF2C00B030A9 /* AccountModel.swift in Sources */ = {isa = PBXBuildFile; fileRef = ED40966F29BCAF2C00B030A9 /* AccountModel.swift */; };
		ED40967329BCAF5300B030A9 /* UserModel.swift in Sources */ = {isa = PBXBuildFile; fileRef = ED40967229BCAF5300B030A9 /* UserModel.swift */; };
		F37C7D0029B98489004B011C /* MakeAccountView.swift in Sources */ = {isa = PBXBuildFile; fileRef = F37C7CFF29B98489004B011C /* MakeAccountView.swift */; };
/* End PBXBuildFile section */

/* Begin PBXFileReference section */
		BA0094CF29BDCCF50071E45C /* Info.plist */ = {isa = PBXFileReference; lastKnownFileType = text.plist; path = Info.plist; sourceTree = "<group>"; };
		BA3F37EE29B5C989009BF7FE /* RoomStruct.swift */ = {isa = PBXFileReference; lastKnownFileType = sourcecode.swift; path = RoomStruct.swift; sourceTree = "<group>"; };
		BA3F37F229B5D120009BF7FE /* RoomView.swift */ = {isa = PBXFileReference; lastKnownFileType = sourcecode.swift; path = RoomView.swift; sourceTree = "<group>"; };
		BA3F37F429B5D197009BF7FE /* ListView.swift */ = {isa = PBXFileReference; lastKnownFileType = sourcecode.swift; path = ListView.swift; sourceTree = "<group>"; };
		BAF470A029B21C0C00F242EF /* OrderMate.app */ = {isa = PBXFileReference; explicitFileType = wrapper.application; includeInIndex = 0; path = OrderMate.app; sourceTree = BUILT_PRODUCTS_DIR; };
		BAF470A329B21C0C00F242EF /* OrderMateApp.swift */ = {isa = PBXFileReference; lastKnownFileType = sourcecode.swift; path = OrderMateApp.swift; sourceTree = "<group>"; };
		BAF470A529B21C0C00F242EF /* ContentView.swift */ = {isa = PBXFileReference; lastKnownFileType = sourcecode.swift; path = ContentView.swift; sourceTree = "<group>"; };
		BAF470A729B21C0D00F242EF /* Assets.xcassets */ = {isa = PBXFileReference; lastKnownFileType = folder.assetcatalog; path = Assets.xcassets; sourceTree = "<group>"; };
		BAF470AA29B21C0D00F242EF /* Preview Assets.xcassets */ = {isa = PBXFileReference; lastKnownFileType = folder.assetcatalog; path = "Preview Assets.xcassets"; sourceTree = "<group>"; };
		E40FB23F29B625E400A1A4C2 /* MainView.swift */ = {isa = PBXFileReference; lastKnownFileType = sourcecode.swift; path = MainView.swift; sourceTree = "<group>"; };
		E40FB24129B625F200A1A4C2 /* StartPageView.swift */ = {isa = PBXFileReference; lastKnownFileType = sourcecode.swift; path = StartPageView.swift; sourceTree = "<group>"; };
		E40FB24329B6260200A1A4C2 /* LoginView.swift */ = {isa = PBXFileReference; lastKnownFileType = sourcecode.swift; path = LoginView.swift; sourceTree = "<group>"; };
		E40FB24529B6296100A1A4C2 /* Setting.swift */ = {isa = PBXFileReference; lastKnownFileType = sourcecode.swift; path = Setting.swift; sourceTree = "<group>"; };
		ED40966F29BCAF2C00B030A9 /* AccountModel.swift */ = {isa = PBXFileReference; lastKnownFileType = sourcecode.swift; path = AccountModel.swift; sourceTree = "<group>"; };
		ED40967229BCAF5300B030A9 /* UserModel.swift */ = {isa = PBXFileReference; lastKnownFileType = sourcecode.swift; path = UserModel.swift; sourceTree = "<group>"; };
		F37C7CFF29B98489004B011C /* MakeAccountView.swift */ = {isa = PBXFileReference; lastKnownFileType = sourcecode.swift; path = MakeAccountView.swift; sourceTree = "<group>"; };
/* End PBXFileReference section */

/* Begin PBXFrameworksBuildPhase section */
		BAF4709D29B21C0C00F242EF /* Frameworks */ = {
			isa = PBXFrameworksBuildPhase;
			buildActionMask = 2147483647;
			files = (
			);
			runOnlyForDeploymentPostprocessing = 0;
		};
/* End PBXFrameworksBuildPhase section */

/* Begin PBXGroup section */
		BAF4709729B21C0C00F242EF = {
			isa = PBXGroup;
			children = (
				BAF470A229B21C0C00F242EF /* OrderMate */,
				BAF470A129B21C0C00F242EF /* Products */,
			);
			sourceTree = "<group>";
		};
		BAF470A129B21C0C00F242EF /* Products */ = {
			isa = PBXGroup;
			children = (
				BAF470A029B21C0C00F242EF /* OrderMate.app */,
			);
			name = Products;
			sourceTree = "<group>";
		};
		BAF470A229B21C0C00F242EF /* OrderMate */ = {
			isa = PBXGroup;
			children = (
				BA0094CF29BDCCF50071E45C /* Info.plist */,
				BAF470A329B21C0C00F242EF /* OrderMateApp.swift */,
				E40FB23F29B625E400A1A4C2 /* MainView.swift */,
				ED40966E29BCAEC400B030A9 /* StartView */,
				ED40966D29BCAEBB00B030A9 /* DataModel */,
				ED40966C29BCAEB200B030A9 /* ContentsView */,
				BAF470A729B21C0D00F242EF /* Assets.xcassets */,
				BAF470A929B21C0D00F242EF /* Preview Content */,
			);
			path = OrderMate;
			sourceTree = "<group>";
		};
		BAF470A929B21C0D00F242EF /* Preview Content */ = {
			isa = PBXGroup;
			children = (
				BAF470AA29B21C0D00F242EF /* Preview Assets.xcassets */,
			);
			path = "Preview Content";
			sourceTree = "<group>";
		};
		ED40966C29BCAEB200B030A9 /* ContentsView */ = {
			isa = PBXGroup;
			children = (
				BAF470A529B21C0C00F242EF /* ContentView.swift */,
				BA3F37F229B5D120009BF7FE /* RoomView.swift */,
				BA3F37F429B5D197009BF7FE /* ListView.swift */,
			);
			path = ContentsView;
			sourceTree = "<group>";
		};
		ED40966D29BCAEBB00B030A9 /* DataModel */ = {
			isa = PBXGroup;
			children = (
				ED40967229BCAF5300B030A9 /* UserModel.swift */,
				E40FB24529B6296100A1A4C2 /* Setting.swift */,
				BA3F37EE29B5C989009BF7FE /* RoomStruct.swift */,
				ED40966F29BCAF2C00B030A9 /* AccountModel.swift */,
			);
			path = DataModel;
			sourceTree = "<group>";
		};
		ED40966E29BCAEC400B030A9 /* StartView */ = {
			isa = PBXGroup;
			children = (
				E40FB24329B6260200A1A4C2 /* LoginView.swift */,
				F37C7CFF29B98489004B011C /* MakeAccountView.swift */,
				E40FB24129B625F200A1A4C2 /* StartPageView.swift */,
			);
			path = StartView;
			sourceTree = "<group>";
		};
/* End PBXGroup section */

/* Begin PBXNativeTarget section */
		BAF4709F29B21C0C00F242EF /* OrderMate */ = {
			isa = PBXNativeTarget;
			buildConfigurationList = BAF470AE29B21C0D00F242EF /* Build configuration list for PBXNativeTarget "OrderMate" */;
			buildPhases = (
				BAF4709C29B21C0C00F242EF /* Sources */,
				BAF4709D29B21C0C00F242EF /* Frameworks */,
				BAF4709E29B21C0C00F242EF /* Resources */,
			);
			buildRules = (
			);
			dependencies = (
			);
			name = OrderMate;
			packageProductDependencies = (
			);
			productName = OrderMate;
			productReference = BAF470A029B21C0C00F242EF /* OrderMate.app */;
			productType = "com.apple.product-type.application";
		};
/* End PBXNativeTarget section */

/* Begin PBXProject section */
		BAF4709829B21C0C00F242EF /* Project object */ = {
			isa = PBXProject;
			attributes = {
				BuildIndependentTargetsInParallel = 1;
				LastSwiftUpdateCheck = 1420;
				LastUpgradeCheck = 1420;
				TargetAttributes = {
					BAF4709F29B21C0C00F242EF = {
						CreatedOnToolsVersion = 14.2;
					};
				};
			};
			buildConfigurationList = BAF4709B29B21C0C00F242EF /* Build configuration list for PBXProject "OrderMate" */;
			compatibilityVersion = "Xcode 14.0";
			developmentRegion = en;
			hasScannedForEncodings = 0;
			knownRegions = (
				en,
				Base,
			);
			mainGroup = BAF4709729B21C0C00F242EF;
			packageReferences = (
			);
			productRefGroup = BAF470A129B21C0C00F242EF /* Products */;
			projectDirPath = "";
			projectRoot = "";
			targets = (
				BAF4709F29B21C0C00F242EF /* OrderMate */,
			);
		};
/* End PBXProject section */

/* Begin PBXResourcesBuildPhase section */
		BAF4709E29B21C0C00F242EF /* Resources */ = {
			isa = PBXResourcesBuildPhase;
			buildActionMask = 2147483647;
			files = (
				BAF470AB29B21C0D00F242EF /* Preview Assets.xcassets in Resources */,
				BAF470A829B21C0D00F242EF /* Assets.xcassets in Resources */,
			);
			runOnlyForDeploymentPostprocessing = 0;
		};
/* End PBXResourcesBuildPhase section */

/* Begin PBXSourcesBuildPhase section */
		BAF4709C29B21C0C00F242EF /* Sources */ = {
			isa = PBXSourcesBuildPhase;
			buildActionMask = 2147483647;
			files = (
				F37C7D0029B98489004B011C /* MakeAccountView.swift in Sources */,
				E40FB24629B6296100A1A4C2 /* Setting.swift in Sources */,
				BAF470A629B21C0C00F242EF /* ContentView.swift in Sources */,
				E40FB24029B625E400A1A4C2 /* MainView.swift in Sources */,
				BA3F37EF29B5C989009BF7FE /* RoomStruct.swift in Sources */,
				ED40967329BCAF5300B030A9 /* UserModel.swift in Sources */,
				E40FB24429B6260200A1A4C2 /* LoginView.swift in Sources */,
				BA3F37F529B5D197009BF7FE /* ListView.swift in Sources */,
				ED40967029BCAF2C00B030A9 /* AccountModel.swift in Sources */,
				E40FB24229B625F200A1A4C2 /* StartPageView.swift in Sources */,
				BA3F37F329B5D120009BF7FE /* RoomView.swift in Sources */,
				BAF470A429B21C0C00F242EF /* OrderMateApp.swift in Sources */,
			);
			runOnlyForDeploymentPostprocessing = 0;
		};
/* End PBXSourcesBuildPhase section */

/* Begin XCBuildConfiguration section */
		BAF470AC29B21C0D00F242EF /* Debug */ = {
			isa = XCBuildConfiguration;
			buildSettings = {
				ALWAYS_SEARCH_USER_PATHS = NO;
				CLANG_ANALYZER_NONNULL = YES;
				CLANG_ANALYZER_NUMBER_OBJECT_CONVERSION = YES_AGGRESSIVE;
				CLANG_CXX_LANGUAGE_STANDARD = "gnu++20";
				CLANG_ENABLE_MODULES = YES;
				CLANG_ENABLE_OBJC_ARC = YES;
				CLANG_ENABLE_OBJC_WEAK = YES;
				CLANG_WARN_BLOCK_CAPTURE_AUTORELEASING = YES;
				CLANG_WARN_BOOL_CONVERSION = YES;
				CLANG_WARN_COMMA = YES;
				CLANG_WARN_CONSTANT_CONVERSION = YES;
				CLANG_WARN_DEPRECATED_OBJC_IMPLEMENTATIONS = YES;
				CLANG_WARN_DIRECT_OBJC_ISA_USAGE = YES_ERROR;
				CLANG_WARN_DOCUMENTATION_COMMENTS = YES;
				CLANG_WARN_EMPTY_BODY = YES;
				CLANG_WARN_ENUM_CONVERSION = YES;
				CLANG_WARN_INFINITE_RECURSION = YES;
				CLANG_WARN_INT_CONVERSION = YES;
				CLANG_WARN_NON_LITERAL_NULL_CONVERSION = YES;
				CLANG_WARN_OBJC_IMPLICIT_RETAIN_SELF = YES;
				CLANG_WARN_OBJC_LITERAL_CONVERSION = YES;
				CLANG_WARN_OBJC_ROOT_CLASS = YES_ERROR;
				CLANG_WARN_QUOTED_INCLUDE_IN_FRAMEWORK_HEADER = YES;
				CLANG_WARN_RANGE_LOOP_ANALYSIS = YES;
				CLANG_WARN_STRICT_PROTOTYPES = YES;
				CLANG_WARN_SUSPICIOUS_MOVE = YES;
				CLANG_WARN_UNGUARDED_AVAILABILITY = YES_AGGRESSIVE;
				CLANG_WARN_UNREACHABLE_CODE = YES;
				CLANG_WARN__DUPLICATE_METHOD_MATCH = YES;
				COPY_PHASE_STRIP = NO;
				DEBUG_INFORMATION_FORMAT = dwarf;
				ENABLE_STRICT_OBJC_MSGSEND = YES;
				ENABLE_TESTABILITY = YES;
				GCC_C_LANGUAGE_STANDARD = gnu11;
				GCC_DYNAMIC_NO_PIC = NO;
				GCC_NO_COMMON_BLOCKS = YES;
				GCC_OPTIMIZATION_LEVEL = 0;
				GCC_PREPROCESSOR_DEFINITIONS = (
					"DEBUG=1",
					"$(inherited)",
				);
				GCC_WARN_64_TO_32_BIT_CONVERSION = YES;
				GCC_WARN_ABOUT_RETURN_TYPE = YES_ERROR;
				GCC_WARN_UNDECLARED_SELECTOR = YES;
				GCC_WARN_UNINITIALIZED_AUTOS = YES_AGGRESSIVE;
				GCC_WARN_UNUSED_FUNCTION = YES;
				GCC_WARN_UNUSED_VARIABLE = YES;
				IPHONEOS_DEPLOYMENT_TARGET = 16.2;
				MTL_ENABLE_DEBUG_INFO = INCLUDE_SOURCE;
				MTL_FAST_MATH = YES;
				ONLY_ACTIVE_ARCH = YES;
				SDKROOT = iphoneos;
				SWIFT_ACTIVE_COMPILATION_CONDITIONS = DEBUG;
				SWIFT_OPTIMIZATION_LEVEL = "-Onone";
			};
			name = Debug;
		};
		BAF470AD29B21C0D00F242EF /* Release */ = {
			isa = XCBuildConfiguration;
			buildSettings = {
				ALWAYS_SEARCH_USER_PATHS = NO;
				CLANG_ANALYZER_NONNULL = YES;
				CLANG_ANALYZER_NUMBER_OBJECT_CONVERSION = YES_AGGRESSIVE;
				CLANG_CXX_LANGUAGE_STANDARD = "gnu++20";
				CLANG_ENABLE_MODULES = YES;
				CLANG_ENABLE_OBJC_ARC = YES;
				CLANG_ENABLE_OBJC_WEAK = YES;
				CLANG_WARN_BLOCK_CAPTURE_AUTORELEASING = YES;
				CLANG_WARN_BOOL_CONVERSION = YES;
				CLANG_WARN_COMMA = YES;
				CLANG_WARN_CONSTANT_CONVERSION = YES;
				CLANG_WARN_DEPRECATED_OBJC_IMPLEMENTATIONS = YES;
				CLANG_WARN_DIRECT_OBJC_ISA_USAGE = YES_ERROR;
				CLANG_WARN_DOCUMENTATION_COMMENTS = YES;
				CLANG_WARN_EMPTY_BODY = YES;
				CLANG_WARN_ENUM_CONVERSION = YES;
				CLANG_WARN_INFINITE_RECURSION = YES;
				CLANG_WARN_INT_CONVERSION = YES;
				CLANG_WARN_NON_LITERAL_NULL_CONVERSION = YES;
				CLANG_WARN_OBJC_IMPLICIT_RETAIN_SELF = YES;
				CLANG_WARN_OBJC_LITERAL_CONVERSION = YES;
				CLANG_WARN_OBJC_ROOT_CLASS = YES_ERROR;
				CLANG_WARN_QUOTED_INCLUDE_IN_FRAMEWORK_HEADER = YES;
				CLANG_WARN_RANGE_LOOP_ANALYSIS = YES;
				CLANG_WARN_STRICT_PROTOTYPES = YES;
				CLANG_WARN_SUSPICIOUS_MOVE = YES;
				CLANG_WARN_UNGUARDED_AVAILABILITY = YES_AGGRESSIVE;
				CLANG_WARN_UNREACHABLE_CODE = YES;
				CLANG_WARN__DUPLICATE_METHOD_MATCH = YES;
				COPY_PHASE_STRIP = NO;
				DEBUG_INFORMATION_FORMAT = "dwarf-with-dsym";
				ENABLE_NS_ASSERTIONS = NO;
				ENABLE_STRICT_OBJC_MSGSEND = YES;
				GCC_C_LANGUAGE_STANDARD = gnu11;
				GCC_NO_COMMON_BLOCKS = YES;
				GCC_WARN_64_TO_32_BIT_CONVERSION = YES;
				GCC_WARN_ABOUT_RETURN_TYPE = YES_ERROR;
				GCC_WARN_UNDECLARED_SELECTOR = YES;
				GCC_WARN_UNINITIALIZED_AUTOS = YES_AGGRESSIVE;
				GCC_WARN_UNUSED_FUNCTION = YES;
				GCC_WARN_UNUSED_VARIABLE = YES;
				IPHONEOS_DEPLOYMENT_TARGET = 16.2;
				MTL_ENABLE_DEBUG_INFO = NO;
				MTL_FAST_MATH = YES;
				SDKROOT = iphoneos;
				SWIFT_COMPILATION_MODE = wholemodule;
				SWIFT_OPTIMIZATION_LEVEL = "-O";
				VALIDATE_PRODUCT = YES;
			};
			name = Release;
		};
		BAF470AF29B21C0D00F242EF /* Debug */ = {
			isa = XCBuildConfiguration;
			buildSettings = {
				ASSETCATALOG_COMPILER_APPICON_NAME = AppIcon;
				ASSETCATALOG_COMPILER_GLOBAL_ACCENT_COLOR_NAME = AccentColor;
				CODE_SIGN_STYLE = Automatic;
				CURRENT_PROJECT_VERSION = 1;
				DEVELOPMENT_ASSET_PATHS = "\"OrderMate/Preview Content\"";
				DEVELOPMENT_TEAM = 33DNUM53Q8;
				ENABLE_PREVIEWS = YES;
				GENERATE_INFOPLIST_FILE = YES;
				INFOPLIST_FILE = OrderMate/Info.plist;
				INFOPLIST_KEY_UIApplicationSceneManifest_Generation = YES;
				INFOPLIST_KEY_UIApplicationSupportsIndirectInputEvents = YES;
				INFOPLIST_KEY_UILaunchScreen_Generation = YES;
				INFOPLIST_KEY_UISupportedInterfaceOrientations_iPad = "UIInterfaceOrientationPortrait UIInterfaceOrientationPortraitUpsideDown UIInterfaceOrientationLandscapeLeft UIInterfaceOrientationLandscapeRight";
				INFOPLIST_KEY_UISupportedInterfaceOrientations_iPhone = "UIInterfaceOrientationPortrait UIInterfaceOrientationLandscapeLeft UIInterfaceOrientationLandscapeRight";
				LD_RUNPATH_SEARCH_PATHS = (
					"$(inherited)",
					"@executable_path/Frameworks",
				);
				MARKETING_VERSION = 1.0;
				PRODUCT_BUNDLE_IDENTIFIER = com.OrderMate;
				PRODUCT_NAME = "$(TARGET_NAME)";
				SWIFT_EMIT_LOC_STRINGS = YES;
				SWIFT_VERSION = 5.0;
				TARGETED_DEVICE_FAMILY = "1,2";
			};
			name = Debug;
		};
		BAF470B029B21C0D00F242EF /* Release */ = {
			isa = XCBuildConfiguration;
			buildSettings = {
				ASSETCATALOG_COMPILER_APPICON_NAME = AppIcon;
				ASSETCATALOG_COMPILER_GLOBAL_ACCENT_COLOR_NAME = AccentColor;
				CODE_SIGN_STYLE = Automatic;
				CURRENT_PROJECT_VERSION = 1;
				DEVELOPMENT_ASSET_PATHS = "\"OrderMate/Preview Content\"";
				DEVELOPMENT_TEAM = 33DNUM53Q8;
				ENABLE_PREVIEWS = YES;
				GENERATE_INFOPLIST_FILE = YES;
				INFOPLIST_FILE = OrderMate/Info.plist;
				INFOPLIST_KEY_UIApplicationSceneManifest_Generation = YES;
				INFOPLIST_KEY_UIApplicationSupportsIndirectInputEvents = YES;
				INFOPLIST_KEY_UILaunchScreen_Generation = YES;
				INFOPLIST_KEY_UISupportedInterfaceOrientations_iPad = "UIInterfaceOrientationPortrait UIInterfaceOrientationPortraitUpsideDown UIInterfaceOrientationLandscapeLeft UIInterfaceOrientationLandscapeRight";
				INFOPLIST_KEY_UISupportedInterfaceOrientations_iPhone = "UIInterfaceOrientationPortrait UIInterfaceOrientationLandscapeLeft UIInterfaceOrientationLandscapeRight";
				LD_RUNPATH_SEARCH_PATHS = (
					"$(inherited)",
					"@executable_path/Frameworks",
				);
				MARKETING_VERSION = 1.0;
				PRODUCT_BUNDLE_IDENTIFIER = com.OrderMate;
				PRODUCT_NAME = "$(TARGET_NAME)";
				SWIFT_EMIT_LOC_STRINGS = YES;
				SWIFT_VERSION = 5.0;
				TARGETED_DEVICE_FAMILY = "1,2";
			};
			name = Release;
		};
/* End XCBuildConfiguration section */

/* Begin XCConfigurationList section */
		BAF4709B29B21C0C00F242EF /* Build configuration list for PBXProject "OrderMate" */ = {
			isa = XCConfigurationList;
			buildConfigurations = (
				BAF470AC29B21C0D00F242EF /* Debug */,
				BAF470AD29B21C0D00F242EF /* Release */,
			);
			defaultConfigurationIsVisible = 0;
			defaultConfigurationName = Release;
		};
		BAF470AE29B21C0D00F242EF /* Build configuration list for PBXNativeTarget "OrderMate" */ = {
			isa = XCConfigurationList;
			buildConfigurations = (
				BAF470AF29B21C0D00F242EF /* Debug */,
				BAF470B029B21C0D00F242EF /* Release */,
			);
			defaultConfigurationIsVisible = 0;
			defaultConfigurationName = Release;
		};
/* End XCConfigurationList section */
	};
	rootObject = BAF4709829B21C0C00F242EF /* Project object */;
}
